// !$*UTF8*$!
{
	archiveVersion = 1;
	classes = {
	};
	objectVersion = 48;
	objects = {

/* Begin PBXBuildFile section */
		87DF1A6D2018876000EA04B7 /* AppDelegate.m in Sources */ = {isa = PBXBuildFile; fileRef = 87DF1A6C2018876000EA04B7 /* AppDelegate.m */; };
		87DF1A702018876100EA04B7 /* ViewController.m in Sources */ = {isa = PBXBuildFile; fileRef = 87DF1A6F2018876100EA04B7 /* ViewController.m */; };
		87DF1A732018876100EA04B7 /* Main.storyboard in Resources */ = {isa = PBXBuildFile; fileRef = 87DF1A712018876100EA04B7 /* Main.storyboard */; };
		87DF1A752018876100EA04B7 /* Assets.xcassets in Resources */ = {isa = PBXBuildFile; fileRef = 87DF1A742018876100EA04B7 /* Assets.xcassets */; };
		87DF1A782018876100EA04B7 /* LaunchScreen.storyboard in Resources */ = {isa = PBXBuildFile; fileRef = 87DF1A762018876100EA04B7 /* LaunchScreen.storyboard */; };
		87DF1A7B2018876100EA04B7 /* main.m in Sources */ = {isa = PBXBuildFile; fileRef = 87DF1A7A2018876100EA04B7 /* main.m */; };
/* End PBXBuildFile section */

/* Begin PBXFileReference section */
		87DF1A682018876000EA04B7 /* Strategies App.app */ = {isa = PBXFileReference; explicitFileType = wrapper.application; includeInIndex = 0; path = "Strategies App.app"; sourceTree = BUILT_PRODUCTS_DIR; };
		87DF1A6B2018876000EA04B7 /* AppDelegate.h */ = {isa = PBXFileReference; lastKnownFileType = sourcecode.c.h; path = AppDelegate.h; sourceTree = "<group>"; };
		87DF1A6C2018876000EA04B7 /* AppDelegate.m */ = {isa = PBXFileReference; lastKnownFileType = sourcecode.c.objc; path = AppDelegate.m; sourceTree = "<group>"; };
		87DF1A6E2018876000EA04B7 /* ViewController.h */ = {isa = PBXFileReference; lastKnownFileType = sourcecode.c.h; path = ViewController.h; sourceTree = "<group>"; };
		87DF1A6F2018876100EA04B7 /* ViewController.m */ = {isa = PBXFileReference; lastKnownFileType = sourcecode.c.objc; path = ViewController.m; sourceTree = "<group>"; };
		87DF1A722018876100EA04B7 /* Base */ = {isa = PBXFileReference; lastKnownFileType = file.storyboard; name = Base; path = Base.lproj/Main.storyboard; sourceTree = "<group>"; };
		87DF1A742018876100EA04B7 /* Assets.xcassets */ = {isa = PBXFileReference; lastKnownFileType = folder.assetcatalog; path = Assets.xcassets; sourceTree = "<group>"; };
		87DF1A772018876100EA04B7 /* Base */ = {isa = PBXFileReference; lastKnownFileType = file.storyboard; name = Base; path = Base.lproj/LaunchScreen.storyboard; sourceTree = "<group>"; };
		87DF1A792018876100EA04B7 /* Info.plist */ = {isa = PBXFileReference; lastKnownFileType = text.plist.xml; path = Info.plist; sourceTree = "<group>"; };
		87DF1A7A2018876100EA04B7 /* main.m */ = {isa = PBXFileReference; lastKnownFileType = sourcecode.c.objc; path = main.m; sourceTree = "<group>"; };
/* End PBXFileReference section */

/* Begin PBXFrameworksBuildPhase section */
		87DF1A652018876000EA04B7 /* Frameworks */ = {
			isa = PBXFrameworksBuildPhase;
			buildActionMask = 2147483647;
			files = (
			);
			runOnlyForDeploymentPostprocessing = 0;
		};
/* End PBXFrameworksBuildPhase section */

/* Begin PBXGroup section */
		87DF1A5F2018876000EA04B7 = {
			isa = PBXGroup;
			children = (
				87DF1A6A2018876000EA04B7 /* Strategies App */,
				87DF1A692018876000EA04B7 /* Products */,
			);
			sourceTree = "<group>";
		};
		87DF1A692018876000EA04B7 /* Products */ = {
			isa = PBXGroup;
			children = (
				87DF1A682018876000EA04B7 /* Strategies App.app */,
			);
			name = Products;
			sourceTree = "<group>";
		};
		87DF1A6A2018876000EA04B7 /* Strategies App */ = {
			isa = PBXGroup;
			children = (
				87DF1A6B2018876000EA04B7 /* AppDelegate.h */,
				87DF1A6C2018876000EA04B7 /* AppDelegate.m */,
				87DF1A6E2018876000EA04B7 /* ViewController.h */,
				87DF1A6F2018876100EA04B7 /* ViewController.m */,
				87DF1A712018876100EA04B7 /* Main.storyboard */,
				87DF1A742018876100EA04B7 /* Assets.xcassets */,
				87DF1A762018876100EA04B7 /* LaunchScreen.storyboard */,
				87DF1A792018876100EA04B7 /* Info.plist */,
				87DF1A7A2018876100EA04B7 /* main.m */,
			);
			path = "Strategies App";
			sourceTree = "<group>";
		};
/* End PBXGroup section */

/* Begin PBXNativeTarget section */
		87DF1A672018876000EA04B7 /* Strategies App */ = {
			isa = PBXNativeTarget;
			buildConfigurationList = 87DF1A7E2018876100EA04B7 /* Build configuration list for PBXNativeTarget "Strategies App" */;
			buildPhases = (
				87DF1A642018876000EA04B7 /* Sources */,
				87DF1A652018876000EA04B7 /* Frameworks */,
				87DF1A662018876000EA04B7 /* Resources */,
			);
			buildRules = (
			);
			dependencies = (
			);
			name = "Strategies App";
			productName = "Strategies App";
			productReference = 87DF1A682018876000EA04B7 /* Strategies App.app */;
			productType = "com.apple.product-type.application";
		};
/* End PBXNativeTarget section */

/* Begin PBXProject section */
		87DF1A602018876000EA04B7 /* Project object */ = {
			isa = PBXProject;
			attributes = {
				LastUpgradeCheck = 0920;
				ORGANIZATIONNAME = AceLight;
				TargetAttributes = {
					87DF1A672018876000EA04B7 = {
						CreatedOnToolsVersion = 9.2;
						ProvisioningStyle = Automatic;
					};
				};
			};
			buildConfigurationList = 87DF1A632018876000EA04B7 /* Build configuration list for PBXProject "Strategies App" */;
			compatibilityVersion = "Xcode 8.0";
			developmentRegion = en;
			hasScannedForEncodings = 0;
			knownRegions = (
				en,
				Base,
			);
			mainGroup = 87DF1A5F2018876000EA04B7;
			productRefGroup = 87DF1A692018876000EA04B7 /* Products */;
			projectDirPath = "";
			projectRoot = "";
			targets = (
				87DF1A672018876000EA04B7 /* Strategies App */,
			);
		};
/* End PBXProject section */

/* Begin PBXResourcesBuildPhase section */
		87DF1A662018876000EA04B7 /* Resources */ = {
			isa = PBXResourcesBuildPhase;
			buildActionMask = 2147483647;
			files = (
				87DF1A782018876100EA04B7 /* LaunchScreen.storyboard in Resources */,
				87DF1A752018876100EA04B7 /* Assets.xcassets in Resources */,
				87DF1A732018876100EA04B7 /* Main.storyboard in Resources */,
			);
			runOnlyForDeploymentPostprocessing = 0;
		};
/* End PBXResourcesBuildPhase section */

/* Begin PBXSourcesBuildPhase section */
		87DF1A642018876000EA04B7 /* Sources */ = {
			isa = PBXSourcesBuildPhase;
			buildActionMask = 2147483647;
			files = (
				87DF1A702018876100EA04B7 /* ViewController.m in Sources */,
				87DF1A7B2018876100EA04B7 /* main.m in Sources */,
				87DF1A6D2018876000EA04B7 /* AppDelegate.m in Sources */,
			);
			runOnlyForDeploymentPostprocessing = 0;
		};
/* End PBXSourcesBuildPhase section */

/* Begin PBXVariantGroup section */
		87DF1A712018876100EA04B7 /* Main.storyboard */ = {
			isa = PBXVariantGroup;
			children = (
				87DF1A722018876100EA04B7 /* Base */,
			);
			name = Main.storyboard;
			sourceTree = "<group>";
		};
		87DF1A762018876100EA04B7 /* LaunchScreen.storyboard */ = {
			isa = PBXVariantGroup;
			children = (
				87DF1A772018876100EA04B7 /* Base */,
			);
			name = LaunchScreen.storyboard;
			sourceTree = "<group>";
		};
/* End PBXVariantGroup section */

/* Begin XCBuildConfiguration section */
		87DF1A7C2018876100EA04B7 /* Debug */ = {
			isa = XCBuildConfiguration;
			buildSettings = {
				ALWAYS_SEARCH_USER_PATHS = NO;
				CLANG_ANALYZER_NONNULL = YES;
				CLANG_ANALYZER_NUMBER_OBJECT_CONVERSION = YES_AGGRESSIVE;
				CLANG_CXX_LANGUAGE_STANDARD = "gnu++14";
				CLANG_CXX_LIBRARY = "libc++";
				CLANG_ENABLE_MODULES = YES;
				CLANG_ENABLE_OBJC_ARC = YES;
				CLANG_WARN_BLOCK_CAPTURE_AUTORELEASING = YES;
				CLANG_WARN_BOOL_CONVERSION = YES;
				CLANG_WARN_COMMA = YES;
				CLANG_WARN_CONSTANT_CONVERSION = YES;
				CLANG_WARN_DIRECT_OBJC_ISA_USAGE = YES_ERROR;
				CLANG_WARN_DOCUMENTATION_COMMENTS = YES;
				CLANG_WARN_EMPTY_BODY = YES;
				CLANG_WARN_ENUM_CONVERSION = YES;
				CLANG_WARN_INFINITE_RECURSION = YES;
				CLANG_WARN_INT_CONVERSION = YES;
				CLANG_WARN_NON_LITERAL_NULL_CONVERSION = YES;
				CLANG_WARN_OBJC_LITERAL_CONVERSION = YES;
				CLANG_WARN_OBJC_ROOT_CLASS = YES_ERROR;
				CLANG_WARN_RANGE_LOOP_ANALYSIS = YES;
				CLANG_WARN_STRICT_PROTOTYPES = YES;
				CLANG_WARN_SUSPICIOUS_MOVE = YES;
				CLANG_WARN_UNGUARDED_AVAILABILITY = YES_AGGRESSIVE;
				CLANG_WARN_UNREACHABLE_CODE = YES;
				CLANG_WARN__DUPLICATE_METHOD_MATCH = YES;
				CODE_SIGN_IDENTITY = "iPhone Developer";
				COPY_PHASE_STRIP = NO;
				DEBUG_INFORMATION_FORMAT = dwarf;
				ENABLE_STRICT_OBJC_MSGSEND = YES;
				ENABLE_TESTABILITY = YES;
				GCC_C_LANGUAGE_STANDARD = gnu11;
				GCC_DYNAMIC_NO_PIC = NO;
				GCC_NO_COMMON_BLOCKS = YES;
				GCC_OPTIMIZATION_LEVEL = 0;
				GCC_PREPROCESSOR_DEFINITIONS = (
					"DEBUG=1",
					"$(inherited)",
				);
				GCC_WARN_64_TO_32_BIT_CONVERSION = YES;
				GCC_WARN_ABOUT_RETURN_TYPE = YES_ERROR;
				GCC_WARN_UNDECLARED_SELECTOR = YES;
				GCC_WARN_UNINITIALIZED_AUTOS = YES_AGGRESSIVE;
				GCC_WARN_UNUSED_FUNCTION = YES;
				GCC_WARN_UNUSED_VARIABLE = YES;
				IPHONEOS_DEPLOYMENT_TARGET = 11.2;
				MTL_ENABLE_DEBUG_INFO = YES;
				ONLY_ACTIVE_ARCH = YES;
				SDKROOT = iphoneos;
			};
			name = Debug;
		};
		87DF1A7D2018876100EA04B7 /* Release */ = {
			isa = XCBuildConfiguration;
			buildSettings = {
				ALWAYS_SEARCH_USER_PATHS = NO;
				CLANG_ANALYZER_NONNULL = YES;
				CLANG_ANALYZER_NUMBER_OBJECT_CONVERSION = YES_AGGRESSIVE;
				CLANG_CXX_LANGUAGE_STANDARD = "gnu++14";
				CLANG_CXX_LIBRARY = "libc++";
				CLANG_ENABLE_MODULES = YES;
				CLANG_ENABLE_OBJC_ARC = YES;
				CLANG_WARN_BLOCK_CAPTURE_AUTORELEASING = YES;
				CLANG_WARN_BOOL_CONVERSION = YES;
				CLANG_WARN_COMMA = YES;
				CLANG_WARN_CONSTANT_CONVERSION = YES;
				CLANG_WARN_DIRECT_OBJC_ISA_USAGE = YES_ERROR;
				CLANG_WARN_DOCUMENTATION_COMMENTS = YES;
				CLANG_WARN_EMPTY_BODY = YES;
				CLANG_WARN_ENUM_CONVERSION = YES;
				CLANG_WARN_INFINITE_RECURSION = YES;
				CLANG_WARN_INT_CONVERSION = YES;
				CLANG_WARN_NON_LITERAL_NULL_CONVERSION = YES;
				CLANG_WARN_OBJC_LITERAL_CONVERSION = YES;
				CLANG_WARN_OBJC_ROOT_CLASS = YES_ERROR;
				CLANG_WARN_RANGE_LOOP_ANALYSIS = YES;
				CLANG_WARN_STRICT_PROTOTYPES = YES;
				CLANG_WARN_SUSPICIOUS_MOVE = YES;
				CLANG_WARN_UNGUARDED_AVAILABILITY = YES_AGGRESSIVE;
				CLANG_WARN_UNREACHABLE_CODE = YES;
				CLANG_WARN__DUPLICATE_METHOD_MATCH = YES;
				CODE_SIGN_IDENTITY = "iPhone Developer";
				COPY_PHASE_STRIP = NO;
				DEBUG_INFORMATION_FORMAT = "dwarf-with-dsym";
				ENABLE_NS_ASSERTIONS = NO;
				ENABLE_STRICT_OBJC_MSGSEND = YES;
				GCC_C_LANGUAGE_STANDARD = gnu11;
				GCC_NO_COMMON_BLOCKS = YES;
				GCC_WARN_64_TO_32_BIT_CONVERSION = YES;
				GCC_WARN_ABOUT_RETURN_TYPE = YES_ERROR;
				GCC_WARN_UNDECLARED_SELECTOR = YES;
				GCC_WARN_UNINITIALIZED_AUTOS = YES_AGGRESSIVE;
				GCC_WARN_UNUSED_FUNCTION = YES;
				GCC_WARN_UNUSED_VARIABLE = YES;
				IPHONEOS_DEPLOYMENT_TARGET = 11.2;
				MTL_ENABLE_DEBUG_INFO = NO;
				SDKROOT = iphoneos;
				VALIDATE_PRODUCT = YES;
			};
			name = Release;
		};
		87DF1A7F2018876100EA04B7 /* Debug */ = {
			isa = XCBuildConfiguration;
			buildSettings = {
				ASSETCATALOG_COMPILER_APPICON_NAME = AppIcon;
				CODE_SIGN_STYLE = Automatic;
				DEVELOPMENT_TEAM = 7R45Y65LA5;
				INFOPLIST_FILE = "Strategies App/Info.plist";
				LD_RUNPATH_SEARCH_PATHS = "$(inherited) @executable_path/Frameworks";
				PRODUCT_BUNDLE_IDENTIFIER = "com.AceLight.Strategies-App";
				PRODUCT_NAME = "$(TARGET_NAME)";
				TARGETED_DEVICE_FAMILY = "1,2";
			};
			name = Debug;
		};
		87DF1A802018876100EA04B7 /* Release */ = {
			isa = XCBuildConfiguration;
			buildSettings = {
				ASSETCATALOG_COMPILER_APPICON_NAME = AppIcon;
				CODE_SIGN_STYLE = Automatic;
				DEVELOPMENT_TEAM = 7R45Y65LA5;
				INFOPLIST_FILE = "Strategies App/Info.plist";
				LD_RUNPATH_SEARCH_PATHS = "$(inherited) @executable_path/Frameworks";
				PRODUCT_BUNDLE_IDENTIFIER = "com.AceLight.Strategies-App";
				PRODUCT_NAME = "$(TARGET_NAME)";
				TARGETED_DEVICE_FAMILY = "1,2";
			};
			name = Release;
		};
/* End XCBuildConfiguration section */

/* Begin XCConfigurationList section */
		87DF1A632018876000EA04B7 /* Build configuration list for PBXProject "Strategies App" */ = {
			isa = XCConfigurationList;
			buildConfigurations = (
				87DF1A7C2018876100EA04B7 /* Debug */,
				87DF1A7D2018876100EA04B7 /* Release */,
			);
			defaultConfigurationIsVisible = 0;
			defaultConfigurationName = Release;
		};
		87DF1A7E2018876100EA04B7 /* Build configuration list for PBXNativeTarget "Strategies App" */ = {
			isa = XCConfigurationList;
			buildConfigurations = (
				87DF1A7F2018876100EA04B7 /* Debug */,
				87DF1A802018876100EA04B7 /* Release */,
			);
			defaultConfigurationIsVisible = 0;
			defaultConfigurationName = Release;
		};
/* End XCConfigurationList section */
	};
	rootObject = 87DF1A602018876000EA04B7 /* Project object */;
}
